
Microsoft Visual Studio Solution File, Format Version 12.00
# Visual Studio 15
VisualStudioVersion = 15.0.27428.2037
MinimumVisualStudioVersion = 10.0.40219.1
Project("{FAE04EC0-301F-11D3-BF4B-00C04F79EFBC}") = "RandomPass", "RandomPass\RandomPass.csproj", "{74E9C98C-E228-44B4-B550-555EEB76C00D}"
EndProject
Global
	GlobalSection(SolutionConfigurationPlatforms) = preSolution
		Debug|Any CPU = Debug|Any CPU
		Release|Any CPU = Release|Any CPU
	EndGlobalSection
	GlobalSection(ProjectConfigurationPlatforms) = postSolution
		{74E9C98C-E228-44B4-B550-555EEB76C00D}.Debug|Any CPU.ActiveCfg = Debug|Any CPU
		{74E9C98C-E228-44B4-B550-555EEB76C00D}.Debug|Any CPU.Build.0 = Debug|Any CPU
		{74E9C98C-E228-44B4-B550-555EEB76C00D}.Release|Any CPU.ActiveCfg = Release|Any CPU
		{74E9C98C-E228-44B4-B550-555EEB76C00D}.Release|Any CPU.Build.0 = Release|Any CPU
	EndGlobalSection
	GlobalSection(SolutionProperties) = preSolution
		HideSolutionNode = FALSE
	EndGlobalSection
	GlobalSection(ExtensibilityGlobals) = postSolution
		SolutionGuid = {87760114-9E98-4AB7-9B0E-FA11D5760671}
	EndGlobalSection
EndGlobal
